
Microsoft Visual Studio Solution File, Format Version 12.00
# Visual Studio 15
VisualStudioVersion = 15.0.27130.2027
MinimumVisualStudioVersion = 10.0.40219.1
Project("{FAE04EC0-301F-11D3-BF4B-00C04F79EFBC}") = "WindowsFormsApp1", "WindowsFormsApp1\WindowsFormsApp1.csproj", "{ABCB0230-6A3D-4CE8-AC10-68612B71352C}"
EndProject
Global
	GlobalSection(SolutionConfigurationPlatforms) = preSolution
		Debug|Any CPU = Debug|Any CPU
		Release|Any CPU = Release|Any CPU
	EndGlobalSection
	GlobalSection(ProjectConfigurationPlatforms) = postSolution
		{ABCB0230-6A3D-4CE8-AC10-68612B71352C}.Debug|Any CPU.ActiveCfg = Debug|Any CPU
		{ABCB0230-6A3D-4CE8-AC10-68612B71352C}.Debug|Any CPU.Build.0 = Debug|Any CPU
		{ABCB0230-6A3D-4CE8-AC10-68612B71352C}.Release|Any CPU.ActiveCfg = Release|Any CPU
		{ABCB0230-6A3D-4CE8-AC10-68612B71352C}.Release|Any CPU.Build.0 = Release|Any CPU
	EndGlobalSection
	GlobalSection(SolutionProperties) = preSolution
		HideSolutionNode = FALSE
	EndGlobalSection
	GlobalSection(ExtensibilityGlobals) = postSolution
		SolutionGuid = {5C26D2C4-BBCE-47C7-90FD-E372E874B39E}
	EndGlobalSection
EndGlobal
